// !$*UTF8*$!
{
	archiveVersion = 1;
	classes = {
	};
	objectVersion = 46;
	objects = {

/* Begin PBXBuildFile section */
		B3CC729B167786AB00BCA65B /* UIKit.framework in Frameworks */ = {isa = PBXBuildFile; fileRef = B3CC729A167786AB00BCA65B /* UIKit.framework */; };
		B3CC729D167786AB00BCA65B /* Foundation.framework in Frameworks */ = {isa = PBXBuildFile; fileRef = B3CC729C167786AB00BCA65B /* Foundation.framework */; };
		B3CC729F167786AB00BCA65B /* CoreGraphics.framework in Frameworks */ = {isa = PBXBuildFile; fileRef = B3CC729E167786AB00BCA65B /* CoreGraphics.framework */; };
		B3CC72A5167786AB00BCA65B /* InfoPlist.strings in Resources */ = {isa = PBXBuildFile; fileRef = B3CC72A3167786AB00BCA65B /* InfoPlist.strings */; };
		B3CC72A7167786AB00BCA65B /* main.m in Sources */ = {isa = PBXBuildFile; fileRef = B3CC72A6167786AB00BCA65B /* main.m */; };
		B3CC72AB167786AB00BCA65B /* SRSAppDelegate.m in Sources */ = {isa = PBXBuildFile; fileRef = B3CC72AA167786AB00BCA65B /* SRSAppDelegate.m */; };
		B3CC72AD167786AB00BCA65B /* Default.png in Resources */ = {isa = PBXBuildFile; fileRef = B3CC72AC167786AB00BCA65B /* Default.png */; };
		B3CC72AF167786AB00BCA65B /* Default@2x.png in Resources */ = {isa = PBXBuildFile; fileRef = B3CC72AE167786AB00BCA65B /* Default@2x.png */; };
		B3CC72B1167786AB00BCA65B /* Default-568h@2x.png in Resources */ = {isa = PBXBuildFile; fileRef = B3CC72B0167786AB00BCA65B /* Default-568h@2x.png */; };
		B3CC72B4167786AB00BCA65B /* MainStoryboard.storyboard in Resources */ = {isa = PBXBuildFile; fileRef = B3CC72B2167786AB00BCA65B /* MainStoryboard.storyboard */; };
		B3CC72B7167786AB00BCA65B /* SRSViewController.m in Sources */ = {isa = PBXBuildFile; fileRef = B3CC72B6167786AB00BCA65B /* SRSViewController.m */; };
/* End PBXBuildFile section */

/* Begin PBXFileReference section */
		B3CC7296167786AB00BCA65B /* TwoDegrees.app */ = {isa = PBXFileReference; explicitFileType = wrapper.application; includeInIndex = 0; path = TwoDegrees.app; sourceTree = BUILT_PRODUCTS_DIR; };
		B3CC729A167786AB00BCA65B /* UIKit.framework */ = {isa = PBXFileReference; lastKnownFileType = wrapper.framework; name = UIKit.framework; path = System/Library/Frameworks/UIKit.framework; sourceTree = SDKROOT; };
		B3CC729C167786AB00BCA65B /* Foundation.framework */ = {isa = PBXFileReference; lastKnownFileType = wrapper.framework; name = Foundation.framework; path = System/Library/Frameworks/Foundation.framework; sourceTree = SDKROOT; };
		B3CC729E167786AB00BCA65B /* CoreGraphics.framework */ = {isa = PBXFileReference; lastKnownFileType = wrapper.framework; name = CoreGraphics.framework; path = System/Library/Frameworks/CoreGraphics.framework; sourceTree = SDKROOT; };
		B3CC72A2167786AB00BCA65B /* TwoDegrees-Info.plist */ = {isa = PBXFileReference; lastKnownFileType = text.plist.xml; path = "TwoDegrees-Info.plist"; sourceTree = "<group>"; };
		B3CC72A4167786AB00BCA65B /* en */ = {isa = PBXFileReference; lastKnownFileType = text.plist.strings; name = en; path = en.lproj/InfoPlist.strings; sourceTree = "<group>"; };
		B3CC72A6167786AB00BCA65B /* main.m */ = {isa = PBXFileReference; lastKnownFileType = sourcecode.c.objc; path = main.m; sourceTree = "<group>"; };
		B3CC72A8167786AB00BCA65B /* TwoDegrees-Prefix.pch */ = {isa = PBXFileReference; lastKnownFileType = sourcecode.c.h; path = "TwoDegrees-Prefix.pch"; sourceTree = "<group>"; };
		B3CC72A9167786AB00BCA65B /* SRSAppDelegate.h */ = {isa = PBXFileReference; lastKnownFileType = sourcecode.c.h; path = SRSAppDelegate.h; sourceTree = "<group>"; };
		B3CC72AA167786AB00BCA65B /* SRSAppDelegate.m */ = {isa = PBXFileReference; lastKnownFileType = sourcecode.c.objc; path = SRSAppDelegate.m; sourceTree = "<group>"; };
		B3CC72AC167786AB00BCA65B /* Default.png */ = {isa = PBXFileReference; lastKnownFileType = image.png; path = Default.png; sourceTree = "<group>"; };
		B3CC72AE167786AB00BCA65B /* Default@2x.png */ = {isa = PBXFileReference; lastKnownFileType = image.png; path = "Default@2x.png"; sourceTree = "<group>"; };
		B3CC72B0167786AB00BCA65B /* Default-568h@2x.png */ = {isa = PBXFileReference; lastKnownFileType = image.png; path = "Default-568h@2x.png"; sourceTree = "<group>"; };
		B3CC72B3167786AB00BCA65B /* en */ = {isa = PBXFileReference; lastKnownFileType = file.storyboard; name = en; path = en.lproj/MainStoryboard.storyboard; sourceTree = "<group>"; };
		B3CC72B5167786AB00BCA65B /* SRSViewController.h */ = {isa = PBXFileReference; lastKnownFileType = sourcecode.c.h; path = SRSViewController.h; sourceTree = "<group>"; };
		B3CC72B6167786AB00BCA65B /* SRSViewController.m */ = {isa = PBXFileReference; lastKnownFileType = sourcecode.c.objc; path = SRSViewController.m; sourceTree = "<group>"; };
/* End PBXFileReference section */

/* Begin PBXFrameworksBuildPhase section */
		B3CC7293167786AB00BCA65B /* Frameworks */ = {
			isa = PBXFrameworksBuildPhase;
			buildActionMask = 2147483647;
			files = (
				B3CC729B167786AB00BCA65B /* UIKit.framework in Frameworks */,
				B3CC729D167786AB00BCA65B /* Foundation.framework in Frameworks */,
				B3CC729F167786AB00BCA65B /* CoreGraphics.framework in Frameworks */,
			);
			runOnlyForDeploymentPostprocessing = 0;
		};
/* End PBXFrameworksBuildPhase section */

/* Begin PBXGroup section */
		B3CC728B167786AB00BCA65B = {
			isa = PBXGroup;
			children = (
				B3CC72A0167786AB00BCA65B /* TwoDegrees */,
				B3CC7299167786AB00BCA65B /* Frameworks */,
				B3CC7297167786AB00BCA65B /* Products */,
			);
			sourceTree = "<group>";
		};
		B3CC7297167786AB00BCA65B /* Products */ = {
			isa = PBXGroup;
			children = (
				B3CC7296167786AB00BCA65B /* TwoDegrees.app */,
			);
			name = Products;
			sourceTree = "<group>";
		};
		B3CC7299167786AB00BCA65B /* Frameworks */ = {
			isa = PBXGroup;
			children = (
				B3CC729A167786AB00BCA65B /* UIKit.framework */,
				B3CC729C167786AB00BCA65B /* Foundation.framework */,
				B3CC729E167786AB00BCA65B /* CoreGraphics.framework */,
			);
			name = Frameworks;
			sourceTree = "<group>";
		};
		B3CC72A0167786AB00BCA65B /* TwoDegrees */ = {
			isa = PBXGroup;
			children = (
				B3CC72A9167786AB00BCA65B /* SRSAppDelegate.h */,
				B3CC72AA167786AB00BCA65B /* SRSAppDelegate.m */,
				B3CC72B2167786AB00BCA65B /* MainStoryboard.storyboard */,
				B3CC72B5167786AB00BCA65B /* SRSViewController.h */,
				B3CC72B6167786AB00BCA65B /* SRSViewController.m */,
				B3CC72A1167786AB00BCA65B /* Supporting Files */,
			);
			path = TwoDegrees;
			sourceTree = "<group>";
		};
		B3CC72A1167786AB00BCA65B /* Supporting Files */ = {
			isa = PBXGroup;
			children = (
				B3CC72A2167786AB00BCA65B /* TwoDegrees-Info.plist */,
				B3CC72A3167786AB00BCA65B /* InfoPlist.strings */,
				B3CC72A6167786AB00BCA65B /* main.m */,
				B3CC72A8167786AB00BCA65B /* TwoDegrees-Prefix.pch */,
				B3CC72AC167786AB00BCA65B /* Default.png */,
				B3CC72AE167786AB00BCA65B /* Default@2x.png */,
				B3CC72B0167786AB00BCA65B /* Default-568h@2x.png */,
			);
			name = "Supporting Files";
			sourceTree = "<group>";
		};
/* End PBXGroup section */

/* Begin PBXNativeTarget section */
		B3CC7295167786AB00BCA65B /* TwoDegrees */ = {
			isa = PBXNativeTarget;
			buildConfigurationList = B3CC72BA167786AB00BCA65B /* Build configuration list for PBXNativeTarget "TwoDegrees" */;
			buildPhases = (
				B3CC7292167786AB00BCA65B /* Sources */,
				B3CC7293167786AB00BCA65B /* Frameworks */,
				B3CC7294167786AB00BCA65B /* Resources */,
			);
			buildRules = (
			);
			dependencies = (
			);
			name = TwoDegrees;
			productName = TwoDegrees;
			productReference = B3CC7296167786AB00BCA65B /* TwoDegrees.app */;
			productType = "com.apple.product-type.application";
		};
/* End PBXNativeTarget section */

/* Begin PBXProject section */
		B3CC728D167786AB00BCA65B /* Project object */ = {
			isa = PBXProject;
			attributes = {
				CLASSPREFIX = SRS;
				LastUpgradeCheck = 0450;
				ORGANIZATIONNAME = "Skye Road Systems";
			};
			buildConfigurationList = B3CC7290167786AB00BCA65B /* Build configuration list for PBXProject "TwoDegrees" */;
			compatibilityVersion = "Xcode 3.2";
			developmentRegion = English;
			hasScannedForEncodings = 0;
			knownRegions = (
				en,
			);
			mainGroup = B3CC728B167786AB00BCA65B;
			productRefGroup = B3CC7297167786AB00BCA65B /* Products */;
			projectDirPath = "";
			projectRoot = "";
			targets = (
				B3CC7295167786AB00BCA65B /* TwoDegrees */,
			);
		};
/* End PBXProject section */

/* Begin PBXResourcesBuildPhase section */
		B3CC7294167786AB00BCA65B /* Resources */ = {
			isa = PBXResourcesBuildPhase;
			buildActionMask = 2147483647;
			files = (
				B3CC72A5167786AB00BCA65B /* InfoPlist.strings in Resources */,
				B3CC72AD167786AB00BCA65B /* Default.png in Resources */,
				B3CC72AF167786AB00BCA65B /* Default@2x.png in Resources */,
				B3CC72B1167786AB00BCA65B /* Default-568h@2x.png in Resources */,
				B3CC72B4167786AB00BCA65B /* MainStoryboard.storyboard in Resources */,
			);
			runOnlyForDeploymentPostprocessing = 0;
		};
/* End PBXResourcesBuildPhase section */

/* Begin PBXSourcesBuildPhase section */
		B3CC7292167786AB00BCA65B /* Sources */ = {
			isa = PBXSourcesBuildPhase;
			buildActionMask = 2147483647;
			files = (
				B3CC72A7167786AB00BCA65B /* main.m in Sources */,
				B3CC72AB167786AB00BCA65B /* SRSAppDelegate.m in Sources */,
				B3CC72B7167786AB00BCA65B /* SRSViewController.m in Sources */,
			);
			runOnlyForDeploymentPostprocessing = 0;
		};
/* End PBXSourcesBuildPhase section */

/* Begin PBXVariantGroup section */
		B3CC72A3167786AB00BCA65B /* InfoPlist.strings */ = {
			isa = PBXVariantGroup;
			children = (
				B3CC72A4167786AB00BCA65B /* en */,
			);
			name = InfoPlist.strings;
			sourceTree = "<group>";
		};
		B3CC72B2167786AB00BCA65B /* MainStoryboard.storyboard */ = {
			isa = PBXVariantGroup;
			children = (
				B3CC72B3167786AB00BCA65B /* en */,
			);
			name = MainStoryboard.storyboard;
			sourceTree = "<group>";
		};
/* End PBXVariantGroup section */

/* Begin XCBuildConfiguration section */
		B3CC72B8167786AB00BCA65B /* Debug */ = {
			isa = XCBuildConfiguration;
			buildSettings = {
				ALWAYS_SEARCH_USER_PATHS = NO;
				CLANG_CXX_LANGUAGE_STANDARD = "gnu++0x";
				CLANG_CXX_LIBRARY = "libc++";
				CLANG_ENABLE_OBJC_ARC = YES;
				CLANG_WARN_EMPTY_BODY = YES;
				CLANG_WARN__DUPLICATE_METHOD_MATCH = YES;
				"CODE_SIGN_IDENTITY[sdk=iphoneos*]" = "iPhone Developer";
				COPY_PHASE_STRIP = NO;
				GCC_C_LANGUAGE_STANDARD = gnu99;
				GCC_DYNAMIC_NO_PIC = NO;
				GCC_OPTIMIZATION_LEVEL = 0;
				GCC_PREPROCESSOR_DEFINITIONS = (
					"DEBUG=1",
					"$(inherited)",
				);
				GCC_SYMBOLS_PRIVATE_EXTERN = NO;
				GCC_WARN_ABOUT_RETURN_TYPE = YES;
				GCC_WARN_UNINITIALIZED_AUTOS = YES;
				GCC_WARN_UNUSED_VARIABLE = YES;
				IPHONEOS_DEPLOYMENT_TARGET = 6.0;
				ONLY_ACTIVE_ARCH = YES;
				SDKROOT = iphoneos;
				TARGETED_DEVICE_FAMILY = 2;
			};
			name = Debug;
		};
		B3CC72B9167786AB00BCA65B /* Release */ = {
			isa = XCBuildConfiguration;
			buildSettings = {
				ALWAYS_SEARCH_USER_PATHS = NO;
				CLANG_CXX_LANGUAGE_STANDARD = "gnu++0x";
				CLANG_CXX_LIBRARY = "libc++";
				CLANG_ENABLE_OBJC_ARC = YES;
				CLANG_WARN_EMPTY_BODY = YES;
				CLANG_WARN__DUPLICATE_METHOD_MATCH = YES;
				"CODE_SIGN_IDENTITY[sdk=iphoneos*]" = "iPhone Developer";
				COPY_PHASE_STRIP = YES;
				GCC_C_LANGUAGE_STANDARD = gnu99;
				GCC_WARN_ABOUT_RETURN_TYPE = YES;
				GCC_WARN_UNINITIALIZED_AUTOS = YES;
				GCC_WARN_UNUSED_VARIABLE = YES;
				IPHONEOS_DEPLOYMENT_TARGET = 6.0;
				OTHER_CFLAGS = "-DNS_BLOCK_ASSERTIONS=1";
				SDKROOT = iphoneos;
				TARGETED_DEVICE_FAMILY = 2;
				VALIDATE_PRODUCT = YES;
			};
			name = Release;
		};
		B3CC72BB167786AB00BCA65B /* Debug */ = {
			isa = XCBuildConfiguration;
			buildSettings = {
				GCC_PRECOMPILE_PREFIX_HEADER = YES;
				GCC_PREFIX_HEADER = "TwoDegrees/TwoDegrees-Prefix.pch";
				INFOPLIST_FILE = "TwoDegrees/TwoDegrees-Info.plist";
				PRODUCT_NAME = "$(TARGET_NAME)";
				WRAPPER_EXTENSION = app;
			};
			name = Debug;
		};
		B3CC72BC167786AB00BCA65B /* Release */ = {
			isa = XCBuildConfiguration;
			buildSettings = {
				GCC_PRECOMPILE_PREFIX_HEADER = YES;
				GCC_PREFIX_HEADER = "TwoDegrees/TwoDegrees-Prefix.pch";
				INFOPLIST_FILE = "TwoDegrees/TwoDegrees-Info.plist";
				PRODUCT_NAME = "$(TARGET_NAME)";
				WRAPPER_EXTENSION = app;
			};
			name = Release;
		};
/* End XCBuildConfiguration section */

/* Begin XCConfigurationList section */
		B3CC7290167786AB00BCA65B /* Build configuration list for PBXProject "TwoDegrees" */ = {
			isa = XCConfigurationList;
			buildConfigurations = (
				B3CC72B8167786AB00BCA65B /* Debug */,
				B3CC72B9167786AB00BCA65B /* Release */,
			);
			defaultConfigurationIsVisible = 0;
			defaultConfigurationName = Release;
		};
		B3CC72BA167786AB00BCA65B /* Build configuration list for PBXNativeTarget "TwoDegrees" */ = {
			isa = XCConfigurationList;
			buildConfigurations = (
				B3CC72BB167786AB00BCA65B /* Debug */,
				B3CC72BC167786AB00BCA65B /* Release */,
			);
			defaultConfigurationIsVisible = 0;
		};
/* End XCConfigurationList section */
	};
	rootObject = B3CC728D167786AB00BCA65B /* Project object */;
}
